
Microsoft Visual Studio Solution File, Format Version 12.00
# Visual Studio 15
VisualStudioVersion = 15.0.26124.0
MinimumVisualStudioVersion = 15.0.26124.0
Project("{9A19103F-16F7-4668-BE54-9A1E7A4F7556}") = "PagarMe", "PagarMe\PagarMe.csproj", "{027F99C2-6448-4C72-95CC-77D1DC1A4C9A}"
EndProject
Project("{FAE04EC0-301F-11D3-BF4B-00C04F79EFBC}") = "PagarMe.Test", "PagarMe.Test\PagarMe.Test.csproj", "{F660E38A-F5C9-4EBA-A9AF-EF4B23EF65BE}"
EndProject
Project("{FAE04EC0-301F-11D3-BF4B-00C04F79EFBC}") = "Playground", "Playground\Playground.csproj", "{65030CDA-00F9-4FCD-A5AF-328F94D59700}"
EndProject
Global
	GlobalSection(SolutionConfigurationPlatforms) = preSolution
		Debug|Any CPU = Debug|Any CPU
		Debug|x64 = Debug|x64
		Debug|x86 = Debug|x86
		Release|Any CPU = Release|Any CPU
		Release|x64 = Release|x64
		Release|x86 = Release|x86
	EndGlobalSection
	GlobalSection(ProjectConfigurationPlatforms) = postSolution
		{027F99C2-6448-4C72-95CC-77D1DC1A4C9A}.Debug|Any CPU.ActiveCfg = Debug|Any CPU
		{027F99C2-6448-4C72-95CC-77D1DC1A4C9A}.Debug|Any CPU.Build.0 = Debug|Any CPU
		{027F99C2-6448-4C72-95CC-77D1DC1A4C9A}.Debug|x64.ActiveCfg = Debug|Any CPU
		{027F99C2-6448-4C72-95CC-77D1DC1A4C9A}.Debug|x64.Build.0 = Debug|Any CPU
		{027F99C2-6448-4C72-95CC-77D1DC1A4C9A}.Debug|x86.ActiveCfg = Debug|Any CPU
		{027F99C2-6448-4C72-95CC-77D1DC1A4C9A}.Debug|x86.Build.0 = Debug|Any CPU
		{027F99C2-6448-4C72-95CC-77D1DC1A4C9A}.Release|Any CPU.ActiveCfg = Release|Any CPU
		{027F99C2-6448-4C72-95CC-77D1DC1A4C9A}.Release|Any CPU.Build.0 = Release|Any CPU
		{027F99C2-6448-4C72-95CC-77D1DC1A4C9A}.Release|x64.ActiveCfg = Release|Any CPU
		{027F99C2-6448-4C72-95CC-77D1DC1A4C9A}.Release|x64.Build.0 = Release|Any CPU
		{027F99C2-6448-4C72-95CC-77D1DC1A4C9A}.Release|x86.ActiveCfg = Release|Any CPU
		{027F99C2-6448-4C72-95CC-77D1DC1A4C9A}.Release|x86.Build.0 = Release|Any CPU
		{F660E38A-F5C9-4EBA-A9AF-EF4B23EF65BE}.Debug|Any CPU.ActiveCfg = Debug|Any CPU
		{F660E38A-F5C9-4EBA-A9AF-EF4B23EF65BE}.Debug|Any CPU.Build.0 = Debug|Any CPU
		{F660E38A-F5C9-4EBA-A9AF-EF4B23EF65BE}.Debug|x64.ActiveCfg = Debug|Any CPU
		{F660E38A-F5C9-4EBA-A9AF-EF4B23EF65BE}.Debug|x64.Build.0 = Debug|Any CPU
		{F660E38A-F5C9-4EBA-A9AF-EF4B23EF65BE}.Debug|x86.ActiveCfg = Debug|Any CPU
		{F660E38A-F5C9-4EBA-A9AF-EF4B23EF65BE}.Debug|x86.Build.0 = Debug|Any CPU
		{F660E38A-F5C9-4EBA-A9AF-EF4B23EF65BE}.Release|Any CPU.ActiveCfg = Release|Any CPU
		{F660E38A-F5C9-4EBA-A9AF-EF4B23EF65BE}.Release|Any CPU.Build.0 = Release|Any CPU
		{F660E38A-F5C9-4EBA-A9AF-EF4B23EF65BE}.Release|x64.ActiveCfg = Release|Any CPU
		{F660E38A-F5C9-4EBA-A9AF-EF4B23EF65BE}.Release|x64.Build.0 = Release|Any CPU
		{F660E38A-F5C9-4EBA-A9AF-EF4B23EF65BE}.Release|x86.ActiveCfg = Release|Any CPU
		{F660E38A-F5C9-4EBA-A9AF-EF4B23EF65BE}.Release|x86.Build.0 = Release|Any CPU
		{65030CDA-00F9-4FCD-A5AF-328F94D59700}.Debug|Any CPU.ActiveCfg = Debug|Any CPU
		{65030CDA-00F9-4FCD-A5AF-328F94D59700}.Debug|Any CPU.Build.0 = Debug|Any CPU
		{65030CDA-00F9-4FCD-A5AF-328F94D59700}.Debug|x64.ActiveCfg = Debug|Any CPU
		{65030CDA-00F9-4FCD-A5AF-328F94D59700}.Debug|x64.Build.0 = Debug|Any CPU
		{65030CDA-00F9-4FCD-A5AF-328F94D59700}.Debug|x86.ActiveCfg = Debug|Any CPU
		{65030CDA-00F9-4FCD-A5AF-328F94D59700}.Debug|x86.Build.0 = Debug|Any CPU
		{65030CDA-00F9-4FCD-A5AF-328F94D59700}.Release|Any CPU.ActiveCfg = Release|Any CPU
		{65030CDA-00F9-4FCD-A5AF-328F94D59700}.Release|Any CPU.Build.0 = Release|Any CPU
		{65030CDA-00F9-4FCD-A5AF-328F94D59700}.Release|x64.ActiveCfg = Release|Any CPU
		{65030CDA-00F9-4FCD-A5AF-328F94D59700}.Release|x64.Build.0 = Release|Any CPU
		{65030CDA-00F9-4FCD-A5AF-328F94D59700}.Release|x86.ActiveCfg = Release|Any CPU
		{65030CDA-00F9-4FCD-A5AF-328F94D59700}.Release|x86.Build.0 = Release|Any CPU
	EndGlobalSection
	GlobalSection(SolutionProperties) = preSolution
		HideSolutionNode = FALSE
	EndGlobalSection
	GlobalSection(ExtensibilityGlobals) = postSolution
		SolutionGuid = {220BD3A6-74FD-40B3-B273-EA0551F29121}
	EndGlobalSection
EndGlobal
